
Microsoft Visual Studio Solution File, Format Version 12.00
# Visual Studio 14
VisualStudioVersion = 14.0.25420.1
MinimumVisualStudioVersion = 10.0.40219.1
Project("{FAE04EC0-301F-11D3-BF4B-00C04F79EFBC}") = "DNX.Helpers.Console", "DNX.Helpers.Console\DNX.Helpers.Console.csproj", "{99C65D94-86DA-4E95-AAD6-45BFA245A1EA}"
EndProject
Project("{FAE04EC0-301F-11D3-BF4B-00C04F79EFBC}") = "Test.DNX.Helpers.Console", "Test.DNX.Helpers.Console\Test.DNX.Helpers.Console.csproj", "{CDEBA8FB-07FB-4E91-8F53-59292A3E59DE}"
EndProject
Project("{2150E333-8FDC-42A3-9474-1A3956D46DE8}") = "SolutionFiles", "SolutionFiles", "{0AB03902-3270-434A-A23A-1050643E2B79}"
	ProjectSection(SolutionItems) = preProject
		licence.txt = licence.txt
		readme.md = readme.md
		todo.md = todo.md
	EndProjectSection
EndProject
Project("{2150E333-8FDC-42A3-9474-1A3956D46DE8}") = "Commands", "Commands", "{6A59AA5C-37A8-457E-9C66-A2CFDB762BBA}"
	ProjectSection(SolutionItems) = preProject
		commands.json = commands.json
		GenerateMarkdown.cmd = GenerateMarkdown.cmd
		NuGet.Package.cmd = NuGet.Package.cmd
		NuGet.publish.cmd = NuGet.publish.cmd
	EndProjectSection
EndProject
Project("{2150E333-8FDC-42A3-9474-1A3956D46DE8}") = ".nuget", ".nuget", "{14AF8A4F-61E6-4C37-8859-BF675F59EEE5}"
	ProjectSection(SolutionItems) = preProject
		.nuget\NuGet.Config = .nuget\NuGet.Config
		.nuget\NuGet.exe = .nuget\NuGet.exe
		.nuget\NuGet.targets = .nuget\NuGet.targets
	EndProjectSection
EndProject
Project("{2150E333-8FDC-42A3-9474-1A3956D46DE8}") = "Reference", "Reference", "{428A8585-5F6F-42A5-88A9-56152570E634}"
	ProjectSection(SolutionItems) = preProject
		Reference\reference.md = Reference\reference.md
	EndProjectSection
EndProject
Project("{2150E333-8FDC-42A3-9474-1A3956D46DE8}") = "Docs", "Docs", "{54170C5C-3C75-4E1A-9C53-6D10BC14B8D4}"
	ProjectSection(SolutionItems) = preProject
		Docs\Exceptions.md = Docs\Exceptions.md
		Docs\main.md = Docs\main.md
	EndProjectSection
EndProject
Global
	GlobalSection(SolutionConfigurationPlatforms) = preSolution
		Debug|Any CPU = Debug|Any CPU
		Release|Any CPU = Release|Any CPU
	EndGlobalSection
	GlobalSection(ProjectConfigurationPlatforms) = postSolution
		{99C65D94-86DA-4E95-AAD6-45BFA245A1EA}.Debug|Any CPU.ActiveCfg = Debug|Any CPU
		{99C65D94-86DA-4E95-AAD6-45BFA245A1EA}.Debug|Any CPU.Build.0 = Debug|Any CPU
		{99C65D94-86DA-4E95-AAD6-45BFA245A1EA}.Release|Any CPU.ActiveCfg = Release|Any CPU
		{99C65D94-86DA-4E95-AAD6-45BFA245A1EA}.Release|Any CPU.Build.0 = Release|Any CPU
		{CDEBA8FB-07FB-4E91-8F53-59292A3E59DE}.Debug|Any CPU.ActiveCfg = Debug|Any CPU
		{CDEBA8FB-07FB-4E91-8F53-59292A3E59DE}.Debug|Any CPU.Build.0 = Debug|Any CPU
		{CDEBA8FB-07FB-4E91-8F53-59292A3E59DE}.Release|Any CPU.ActiveCfg = Release|Any CPU
		{CDEBA8FB-07FB-4E91-8F53-59292A3E59DE}.Release|Any CPU.Build.0 = Release|Any CPU
	EndGlobalSection
	GlobalSection(SolutionProperties) = preSolution
		HideSolutionNode = FALSE
	EndGlobalSection
	GlobalSection(NestedProjects) = preSolution
		{6A59AA5C-37A8-457E-9C66-A2CFDB762BBA} = {0AB03902-3270-434A-A23A-1050643E2B79}
		{428A8585-5F6F-42A5-88A9-56152570E634} = {0AB03902-3270-434A-A23A-1050643E2B79}
		{54170C5C-3C75-4E1A-9C53-6D10BC14B8D4} = {0AB03902-3270-434A-A23A-1050643E2B79}
	EndGlobalSection
EndGlobal
